PODS:
  - Alamofire (4.9.1)
  - IQKeyboardManagerSwift (6.5.6)
  - SDWebImage (5.12.1):
    - SDWebImage/Core (= 5.12.1)
  - SDWebImage/Core (5.12.1)

DEPENDENCIES:
  - Alamofire (~> 4.7)
  - IQKeyboardManagerSwift
  - SDWebImage

SPEC REPOS:
  trunk:
    - Alamofire
    - IQKeyboardManagerSwift
    - SDWebImage

SPEC CHECKSUMS:
  Alamofire: 85e8a02c69d6020a0d734f6054870d7ecb75cf18
  IQKeyboardManagerSwift: c7df9d2deb356c04522f5c4b7b6e4ce4d8ed94fe
  SDWebImage: 4dc3e42d9ec0c1028b960a33ac6b637bb432207b

PODFILE CHECKSUM: 5d88eb53a311ca2cc2ccfa7e93d88de59208d983

COCOAPODS: 1.11.2
